
Microsoft Visual Studio Solution File, Format Version 12.00
# Visual Studio Version 17
VisualStudioVersion = 17.7.34221.43
MinimumVisualStudioVersion = 10.0.40219.1
Project("{FAE04EC0-301F-11D3-BF4B-00C04F79EFBC}") = "WindowsFormsApp29", "WindowsFormsApp29\WindowsFormsApp29.csproj", "{7394EB6E-892B-4D79-AC6C-D0B283DAC0DF}"
EndProject
Global
	GlobalSection(SolutionConfigurationPlatforms) = preSolution
		Debug|Any CPU = Debug|Any CPU
		Release|Any CPU = Release|Any CPU
	EndGlobalSection
	GlobalSection(ProjectConfigurationPlatforms) = postSolution
		{7394EB6E-892B-4D79-AC6C-D0B283DAC0DF}.Debug|Any CPU.ActiveCfg = Debug|Any CPU
		{7394EB6E-892B-4D79-AC6C-D0B283DAC0DF}.Debug|Any CPU.Build.0 = Debug|Any CPU
		{7394EB6E-892B-4D79-AC6C-D0B283DAC0DF}.Release|Any CPU.ActiveCfg = Release|Any CPU
		{7394EB6E-892B-4D79-AC6C-D0B283DAC0DF}.Release|Any CPU.Build.0 = Release|Any CPU
	EndGlobalSection
	GlobalSection(SolutionProperties) = preSolution
		HideSolutionNode = FALSE
	EndGlobalSection
	GlobalSection(ExtensibilityGlobals) = postSolution
		SolutionGuid = {4121B225-D423-450E-886A-14EEE1FBEBA4}
	EndGlobalSection
EndGlobal
